// !$*UTF8*$!
{
	archiveVersion = 1;
	classes = {
	};
	objectVersion = 50;
	objects = {

/* Begin PBXBuildFile section */
		5079FA40214C095200298F6B /* AppDelegate.m in Sources */ = {isa = PBXBuildFile; fileRef = 5079FA3F214C095200298F6B /* AppDelegate.m */; };
		5079FA43214C095200298F6B /* ViewController.m in Sources */ = {isa = PBXBuildFile; fileRef = 5079FA42214C095200298F6B /* ViewController.m */; };
		5079FA46214C095200298F6B /* Main.storyboard in Resources */ = {isa = PBXBuildFile; fileRef = 5079FA44214C095200298F6B /* Main.storyboard */; };
		5079FA48214C095200298F6B /* Assets.xcassets in Resources */ = {isa = PBXBuildFile; fileRef = 5079FA47214C095200298F6B /* Assets.xcassets */; };
		5079FA4B214C095200298F6B /* LaunchScreen.storyboard in Resources */ = {isa = PBXBuildFile; fileRef = 5079FA49214C095200298F6B /* LaunchScreen.storyboard */; };
		5079FA4E214C095200298F6B /* main.m in Sources */ = {isa = PBXBuildFile; fileRef = 5079FA4D214C095200298F6B /* main.m */; };
		5079FA5A214C14CF00298F6B /* HLFViewController.m in Sources */ = {isa = PBXBuildFile; fileRef = 5079FA58214C14CF00298F6B /* HLFViewController.m */; };
		D1FBC47F9288CAD4B56669D4 /* libPods-HLFViewController.a in Frameworks */ = {isa = PBXBuildFile; fileRef = EC03E1C2F0C8C3DA61E468DF /* libPods-HLFViewController.a */; };
/* End PBXBuildFile section */

/* Begin PBXFileReference section */
		45935BC1A5AD4BA5DD1F7496 /* Pods-HLFViewController.debug.xcconfig */ = {isa = PBXFileReference; includeInIndex = 1; lastKnownFileType = text.xcconfig; name = "Pods-HLFViewController.debug.xcconfig"; path = "Pods/Target Support Files/Pods-HLFViewController/Pods-HLFViewController.debug.xcconfig"; sourceTree = "<group>"; };
		5079FA3B214C095200298F6B /* HLFViewController.app */ = {isa = PBXFileReference; explicitFileType = wrapper.application; includeInIndex = 0; path = HLFViewController.app; sourceTree = BUILT_PRODUCTS_DIR; };
		5079FA3E214C095200298F6B /* AppDelegate.h */ = {isa = PBXFileReference; lastKnownFileType = sourcecode.c.h; path = AppDelegate.h; sourceTree = "<group>"; };
		5079FA3F214C095200298F6B /* AppDelegate.m */ = {isa = PBXFileReference; lastKnownFileType = sourcecode.c.objc; path = AppDelegate.m; sourceTree = "<group>"; };
		5079FA41214C095200298F6B /* ViewController.h */ = {isa = PBXFileReference; lastKnownFileType = sourcecode.c.h; path = ViewController.h; sourceTree = "<group>"; };
		5079FA42214C095200298F6B /* ViewController.m */ = {isa = PBXFileReference; lastKnownFileType = sourcecode.c.objc; path = ViewController.m; sourceTree = "<group>"; };
		5079FA45214C095200298F6B /* Base */ = {isa = PBXFileReference; lastKnownFileType = file.storyboard; name = Base; path = Base.lproj/Main.storyboard; sourceTree = "<group>"; };
		5079FA47214C095200298F6B /* Assets.xcassets */ = {isa = PBXFileReference; lastKnownFileType = folder.assetcatalog; path = Assets.xcassets; sourceTree = "<group>"; };
		5079FA4A214C095200298F6B /* Base */ = {isa = PBXFileReference; lastKnownFileType = file.storyboard; name = Base; path = Base.lproj/LaunchScreen.storyboard; sourceTree = "<group>"; };
		5079FA4C214C095200298F6B /* Info.plist */ = {isa = PBXFileReference; lastKnownFileType = text.plist.xml; path = Info.plist; sourceTree = "<group>"; };
		5079FA4D214C095200298F6B /* main.m */ = {isa = PBXFileReference; lastKnownFileType = sourcecode.c.objc; path = main.m; sourceTree = "<group>"; };
		5079FA58214C14CF00298F6B /* HLFViewController.m */ = {isa = PBXFileReference; fileEncoding = 4; lastKnownFileType = sourcecode.c.objc; path = HLFViewController.m; sourceTree = "<group>"; };
		5079FA59214C14CF00298F6B /* HLFViewController.h */ = {isa = PBXFileReference; fileEncoding = 4; lastKnownFileType = sourcecode.c.h; path = HLFViewController.h; sourceTree = "<group>"; };
		5079FA5B214C15C000298F6B /* PrefixHeader.pch */ = {isa = PBXFileReference; lastKnownFileType = sourcecode.c.h; path = PrefixHeader.pch; sourceTree = "<group>"; };
		EC03E1C2F0C8C3DA61E468DF /* libPods-HLFViewController.a */ = {isa = PBXFileReference; explicitFileType = archive.ar; includeInIndex = 0; path = "libPods-HLFViewController.a"; sourceTree = BUILT_PRODUCTS_DIR; };
		EEA570DDACE92F78E9278E8E /* Pods-HLFViewController.release.xcconfig */ = {isa = PBXFileReference; includeInIndex = 1; lastKnownFileType = text.xcconfig; name = "Pods-HLFViewController.release.xcconfig"; path = "Pods/Target Support Files/Pods-HLFViewController/Pods-HLFViewController.release.xcconfig"; sourceTree = "<group>"; };
/* End PBXFileReference section */

/* Begin PBXFrameworksBuildPhase section */
		5079FA38214C095200298F6B /* Frameworks */ = {
			isa = PBXFrameworksBuildPhase;
			buildActionMask = 2147483647;
			files = (
				D1FBC47F9288CAD4B56669D4 /* libPods-HLFViewController.a in Frameworks */,
			);
			runOnlyForDeploymentPostprocessing = 0;
		};
/* End PBXFrameworksBuildPhase section */

/* Begin PBXGroup section */
		497E0F195096231D97BAA0D3 /* Pods */ = {
			isa = PBXGroup;
			children = (
				45935BC1A5AD4BA5DD1F7496 /* Pods-HLFViewController.debug.xcconfig */,
				EEA570DDACE92F78E9278E8E /* Pods-HLFViewController.release.xcconfig */,
			);
			name = Pods;
			sourceTree = "<group>";
		};
		5079FA32214C095200298F6B = {
			isa = PBXGroup;
			children = (
				5079FA3D214C095200298F6B /* HLFViewController */,
				5079FA3C214C095200298F6B /* Products */,
				497E0F195096231D97BAA0D3 /* Pods */,
				9DE7CFED94A57C9B6DD5A3BC /* Frameworks */,
			);
			sourceTree = "<group>";
		};
		5079FA3C214C095200298F6B /* Products */ = {
			isa = PBXGroup;
			children = (
				5079FA3B214C095200298F6B /* HLFViewController.app */,
			);
			name = Products;
			sourceTree = "<group>";
		};
		5079FA3D214C095200298F6B /* HLFViewController */ = {
			isa = PBXGroup;
			children = (
				5079FA57214C14CF00298F6B /* Classes */,
				5079FA3E214C095200298F6B /* AppDelegate.h */,
				5079FA3F214C095200298F6B /* AppDelegate.m */,
				5079FA41214C095200298F6B /* ViewController.h */,
				5079FA42214C095200298F6B /* ViewController.m */,
				5079FA44214C095200298F6B /* Main.storyboard */,
				5079FA47214C095200298F6B /* Assets.xcassets */,
				5079FA49214C095200298F6B /* LaunchScreen.storyboard */,
				5079FA4C214C095200298F6B /* Info.plist */,
				5079FA4D214C095200298F6B /* main.m */,
				5079FA5B214C15C000298F6B /* PrefixHeader.pch */,
			);
			path = HLFViewController;
			sourceTree = "<group>";
		};
		5079FA57214C14CF00298F6B /* Classes */ = {
			isa = PBXGroup;
			children = (
				5079FA58214C14CF00298F6B /* HLFViewController.m */,
				5079FA59214C14CF00298F6B /* HLFViewController.h */,
			);
			path = Classes;
			sourceTree = "<group>";
		};
		9DE7CFED94A57C9B6DD5A3BC /* Frameworks */ = {
			isa = PBXGroup;
			children = (
				EC03E1C2F0C8C3DA61E468DF /* libPods-HLFViewController.a */,
			);
			name = Frameworks;
			sourceTree = "<group>";
		};
/* End PBXGroup section */

/* Begin PBXNativeTarget section */
		5079FA3A214C095200298F6B /* HLFViewController */ = {
			isa = PBXNativeTarget;
			buildConfigurationList = 5079FA51214C095200298F6B /* Build configuration list for PBXNativeTarget "HLFViewController" */;
			buildPhases = (
				DE835EBA2EC0E9409BB8E800 /* [CP] Check Pods Manifest.lock */,
				5079FA37214C095200298F6B /* Sources */,
				5079FA38214C095200298F6B /* Frameworks */,
				5079FA39214C095200298F6B /* Resources */,
			);
			buildRules = (
			);
			dependencies = (
			);
			name = HLFViewController;
			productName = HLFViewController;
			productReference = 5079FA3B214C095200298F6B /* HLFViewController.app */;
			productType = "com.apple.product-type.application";
		};
/* End PBXNativeTarget section */

/* Begin PBXProject section */
		5079FA33214C095200298F6B /* Project object */ = {
			isa = PBXProject;
			attributes = {
				LastUpgradeCheck = 1000;
				ORGANIZATIONNAME = Posen;
				TargetAttributes = {
					5079FA3A214C095200298F6B = {
						CreatedOnToolsVersion = 10.0;
					};
				};
			};
			buildConfigurationList = 5079FA36214C095200298F6B /* Build configuration list for PBXProject "HLFViewController" */;
			compatibilityVersion = "Xcode 9.3";
			developmentRegion = en;
			hasScannedForEncodings = 0;
			knownRegions = (
				en,
				Base,
			);
			mainGroup = 5079FA32214C095200298F6B;
			productRefGroup = 5079FA3C214C095200298F6B /* Products */;
			projectDirPath = "";
			projectRoot = "";
			targets = (
				5079FA3A214C095200298F6B /* HLFViewController */,
			);
		};
/* End PBXProject section */

/* Begin PBXResourcesBuildPhase section */
		5079FA39214C095200298F6B /* Resources */ = {
			isa = PBXResourcesBuildPhase;
			buildActionMask = 2147483647;
			files = (
				5079FA4B214C095200298F6B /* LaunchScreen.storyboard in Resources */,
				5079FA48214C095200298F6B /* Assets.xcassets in Resources */,
				5079FA46214C095200298F6B /* Main.storyboard in Resources */,
			);
			runOnlyForDeploymentPostprocessing = 0;
		};
/* End PBXResourcesBuildPhase section */

/* Begin PBXShellScriptBuildPhase section */
		DE835EBA2EC0E9409BB8E800 /* [CP] Check Pods Manifest.lock */ = {
			isa = PBXShellScriptBuildPhase;
			buildActionMask = 2147483647;
			files = (
			);
			inputFileListPaths = (
			);
			inputPaths = (
				"${PODS_PODFILE_DIR_PATH}/Podfile.lock",
				"${PODS_ROOT}/Manifest.lock",
			);
			name = "[CP] Check Pods Manifest.lock";
			outputFileListPaths = (
			);
			outputPaths = (
				"$(DERIVED_FILE_DIR)/Pods-HLFViewController-checkManifestLockResult.txt",
			);
			runOnlyForDeploymentPostprocessing = 0;
			shellPath = /bin/sh;
			shellScript = "diff \"${PODS_PODFILE_DIR_PATH}/Podfile.lock\" \"${PODS_ROOT}/Manifest.lock\" > /dev/null\nif [ $? != 0 ] ; then\n    # print error to STDERR\n    echo \"error: The sandbox is not in sync with the Podfile.lock. Run 'pod install' or update your CocoaPods installation.\" >&2\n    exit 1\nfi\n# This output is used by Xcode 'outputs' to avoid re-running this script phase.\necho \"SUCCESS\" > \"${SCRIPT_OUTPUT_FILE_0}\"\n";
			showEnvVarsInLog = 0;
		};
/* End PBXShellScriptBuildPhase section */

/* Begin PBXSourcesBuildPhase section */
		5079FA37214C095200298F6B /* Sources */ = {
			isa = PBXSourcesBuildPhase;
			buildActionMask = 2147483647;
			files = (
				5079FA43214C095200298F6B /* ViewController.m in Sources */,
				5079FA4E214C095200298F6B /* main.m in Sources */,
				5079FA40214C095200298F6B /* AppDelegate.m in Sources */,
				5079FA5A214C14CF00298F6B /* HLFViewController.m in Sources */,
			);
			runOnlyForDeploymentPostprocessing = 0;
		};
/* End PBXSourcesBuildPhase section */

/* Begin PBXVariantGroup section */
		5079FA44214C095200298F6B /* Main.storyboard */ = {
			isa = PBXVariantGroup;
			children = (
				5079FA45214C095200298F6B /* Base */,
			);
			name = Main.storyboard;
			sourceTree = "<group>";
		};
		5079FA49214C095200298F6B /* LaunchScreen.storyboard */ = {
			isa = PBXVariantGroup;
			children = (
				5079FA4A214C095200298F6B /* Base */,
			);
			name = LaunchScreen.storyboard;
			sourceTree = "<group>";
		};
/* End PBXVariantGroup section */

/* Begin XCBuildConfiguration section */
		5079FA4F214C095200298F6B /* Debug */ = {
			isa = XCBuildConfiguration;
			buildSettings = {
				ALWAYS_SEARCH_USER_PATHS = NO;
				CLANG_ANALYZER_NONNULL = YES;
				CLANG_ANALYZER_NUMBER_OBJECT_CONVERSION = YES_AGGRESSIVE;
				CLANG_CXX_LANGUAGE_STANDARD = "gnu++14";
				CLANG_CXX_LIBRARY = "libc++";
				CLANG_ENABLE_MODULES = YES;
				CLANG_ENABLE_OBJC_ARC = YES;
				CLANG_ENABLE_OBJC_WEAK = YES;
				CLANG_WARN_BLOCK_CAPTURE_AUTORELEASING = YES;
				CLANG_WARN_BOOL_CONVERSION = YES;
				CLANG_WARN_COMMA = YES;
				CLANG_WARN_CONSTANT_CONVERSION = YES;
				CLANG_WARN_DEPRECATED_OBJC_IMPLEMENTATIONS = YES;
				CLANG_WARN_DIRECT_OBJC_ISA_USAGE = YES_ERROR;
				CLANG_WARN_DOCUMENTATION_COMMENTS = YES;
				CLANG_WARN_EMPTY_BODY = YES;
				CLANG_WARN_ENUM_CONVERSION = YES;
				CLANG_WARN_INFINITE_RECURSION = YES;
				CLANG_WARN_INT_CONVERSION = YES;
				CLANG_WARN_NON_LITERAL_NULL_CONVERSION = YES;
				CLANG_WARN_OBJC_IMPLICIT_RETAIN_SELF = YES;
				CLANG_WARN_OBJC_LITERAL_CONVERSION = YES;
				CLANG_WARN_OBJC_ROOT_CLASS = YES_ERROR;
				CLANG_WARN_RANGE_LOOP_ANALYSIS = YES;
				CLANG_WARN_STRICT_PROTOTYPES = YES;
				CLANG_WARN_SUSPICIOUS_MOVE = YES;
				CLANG_WARN_UNGUARDED_AVAILABILITY = YES_AGGRESSIVE;
				CLANG_WARN_UNREACHABLE_CODE = YES;
				CLANG_WARN__DUPLICATE_METHOD_MATCH = YES;
				CODE_SIGN_IDENTITY = "iPhone Developer";
				COPY_PHASE_STRIP = NO;
				DEBUG_INFORMATION_FORMAT = dwarf;
				ENABLE_STRICT_OBJC_MSGSEND = YES;
				ENABLE_TESTABILITY = YES;
				GCC_C_LANGUAGE_STANDARD = gnu11;
				GCC_DYNAMIC_NO_PIC = NO;
				GCC_NO_COMMON_BLOCKS = YES;
				GCC_OPTIMIZATION_LEVEL = 0;
				GCC_PREPROCESSOR_DEFINITIONS = (
					"DEBUG=1",
					"$(inherited)",
				);
				GCC_WARN_64_TO_32_BIT_CONVERSION = YES;
				GCC_WARN_ABOUT_RETURN_TYPE = YES_ERROR;
				GCC_WARN_UNDECLARED_SELECTOR = YES;
				GCC_WARN_UNINITIALIZED_AUTOS = YES_AGGRESSIVE;
				GCC_WARN_UNUSED_FUNCTION = YES;
				GCC_WARN_UNUSED_VARIABLE = YES;
				IPHONEOS_DEPLOYMENT_TARGET = 12.0;
				MTL_ENABLE_DEBUG_INFO = INCLUDE_SOURCE;
				MTL_FAST_MATH = YES;
				ONLY_ACTIVE_ARCH = YES;
				SDKROOT = iphoneos;
			};
			name = Debug;
		};
		5079FA50214C095200298F6B /* Release */ = {
			isa = XCBuildConfiguration;
			buildSettings = {
				ALWAYS_SEARCH_USER_PATHS = NO;
				CLANG_ANALYZER_NONNULL = YES;
				CLANG_ANALYZER_NUMBER_OBJECT_CONVERSION = YES_AGGRESSIVE;
				CLANG_CXX_LANGUAGE_STANDARD = "gnu++14";
				CLANG_CXX_LIBRARY = "libc++";
				CLANG_ENABLE_MODULES = YES;
				CLANG_ENABLE_OBJC_ARC = YES;
				CLANG_ENABLE_OBJC_WEAK = YES;
				CLANG_WARN_BLOCK_CAPTURE_AUTORELEASING = YES;
				CLANG_WARN_BOOL_CONVERSION = YES;
				CLANG_WARN_COMMA = YES;
				CLANG_WARN_CONSTANT_CONVERSION = YES;
				CLANG_WARN_DEPRECATED_OBJC_IMPLEMENTATIONS = YES;
				CLANG_WARN_DIRECT_OBJC_ISA_USAGE = YES_ERROR;
				CLANG_WARN_DOCUMENTATION_COMMENTS = YES;
				CLANG_WARN_EMPTY_BODY = YES;
				CLANG_WARN_ENUM_CONVERSION = YES;
				CLANG_WARN_INFINITE_RECURSION = YES;
				CLANG_WARN_INT_CONVERSION = YES;
				CLANG_WARN_NON_LITERAL_NULL_CONVERSION = YES;
				CLANG_WARN_OBJC_IMPLICIT_RETAIN_SELF = YES;
				CLANG_WARN_OBJC_LITERAL_CONVERSION = YES;
				CLANG_WARN_OBJC_ROOT_CLASS = YES_ERROR;
				CLANG_WARN_RANGE_LOOP_ANALYSIS = YES;
				CLANG_WARN_STRICT_PROTOTYPES = YES;
				CLANG_WARN_SUSPICIOUS_MOVE = YES;
				CLANG_WARN_UNGUARDED_AVAILABILITY = YES_AGGRESSIVE;
				CLANG_WARN_UNREACHABLE_CODE = YES;
				CLANG_WARN__DUPLICATE_METHOD_MATCH = YES;
				CODE_SIGN_IDENTITY = "iPhone Developer";
				COPY_PHASE_STRIP = NO;
				DEBUG_INFORMATION_FORMAT = "dwarf-with-dsym";
				ENABLE_NS_ASSERTIONS = NO;
				ENABLE_STRICT_OBJC_MSGSEND = YES;
				GCC_C_LANGUAGE_STANDARD = gnu11;
				GCC_NO_COMMON_BLOCKS = YES;
				GCC_WARN_64_TO_32_BIT_CONVERSION = YES;
				GCC_WARN_ABOUT_RETURN_TYPE = YES_ERROR;
				GCC_WARN_UNDECLARED_SELECTOR = YES;
				GCC_WARN_UNINITIALIZED_AUTOS = YES_AGGRESSIVE;
				GCC_WARN_UNUSED_FUNCTION = YES;
				GCC_WARN_UNUSED_VARIABLE = YES;
				IPHONEOS_DEPLOYMENT_TARGET = 12.0;
				MTL_ENABLE_DEBUG_INFO = NO;
				MTL_FAST_MATH = YES;
				SDKROOT = iphoneos;
				VALIDATE_PRODUCT = YES;
			};
			name = Release;
		};
		5079FA52214C095200298F6B /* Debug */ = {
			isa = XCBuildConfiguration;
			baseConfigurationReference = 45935BC1A5AD4BA5DD1F7496 /* Pods-HLFViewController.debug.xcconfig */;
			buildSettings = {
				ASSETCATALOG_COMPILER_APPICON_NAME = AppIcon;
				CODE_SIGN_STYLE = Automatic;
				DEVELOPMENT_TEAM = UNB348Y3D7;
				GCC_PREFIX_HEADER = HLFViewController/PrefixHeader.pch;
				INFOPLIST_FILE = HLFViewController/Info.plist;
				LD_RUNPATH_SEARCH_PATHS = (
					"$(inherited)",
					"@executable_path/Frameworks",
				);
				PRODUCT_BUNDLE_IDENTIFIER = com.posen.HLFViewController;
				PRODUCT_NAME = "$(TARGET_NAME)";
				TARGETED_DEVICE_FAMILY = "1,2";
			};
			name = Debug;
		};
		5079FA53214C095200298F6B /* Release */ = {
			isa = XCBuildConfiguration;
			baseConfigurationReference = EEA570DDACE92F78E9278E8E /* Pods-HLFViewController.release.xcconfig */;
			buildSettings = {
				ASSETCATALOG_COMPILER_APPICON_NAME = AppIcon;
				CODE_SIGN_STYLE = Automatic;
				DEVELOPMENT_TEAM = UNB348Y3D7;
				GCC_PREFIX_HEADER = HLFViewController/PrefixHeader.pch;
				INFOPLIST_FILE = HLFViewController/Info.plist;
				LD_RUNPATH_SEARCH_PATHS = (
					"$(inherited)",
					"@executable_path/Frameworks",
				);
				PRODUCT_BUNDLE_IDENTIFIER = com.posen.HLFViewController;
				PRODUCT_NAME = "$(TARGET_NAME)";
				TARGETED_DEVICE_FAMILY = "1,2";
			};
			name = Release;
		};
/* End XCBuildConfiguration section */

/* Begin XCConfigurationList section */
		5079FA36214C095200298F6B /* Build configuration list for PBXProject "HLFViewController" */ = {
			isa = XCConfigurationList;
			buildConfigurations = (
				5079FA4F214C095200298F6B /* Debug */,
				5079FA50214C095200298F6B /* Release */,
			);
			defaultConfigurationIsVisible = 0;
			defaultConfigurationName = Release;
		};
		5079FA51214C095200298F6B /* Build configuration list for PBXNativeTarget "HLFViewController" */ = {
			isa = XCConfigurationList;
			buildConfigurations = (
				5079FA52214C095200298F6B /* Debug */,
				5079FA53214C095200298F6B /* Release */,
			);
			defaultConfigurationIsVisible = 0;
			defaultConfigurationName = Release;
		};
/* End XCConfigurationList section */
	};
	rootObject = 5079FA33214C095200298F6B /* Project object */;
}
